
Microsoft Visual Studio Solution File, Format Version 12.00
# Visual Studio 14
VisualStudioVersion = 14.0.22823.1
MinimumVisualStudioVersion = 10.0.40219.1
Project("{2150E333-8FDC-42A3-9474-1A3956D46DE8}") = "Solution Items", "Solution Items", "{2FE67AD6-7A5C-404C-B7DB-EE7A6F3F547D}"
	ProjectSection(SolutionItems) = preProject
		global.json = global.json
	EndProjectSection
EndProject
Project("{8BB2217D-0F2D-49D1-97BC-3654ED321F3B}") = "ScampApi", "ScampApi\ScampApi.xproj", "{CFEED0A5-B43E-436C-9AFE-803BCA8FCEEC}"
EndProject
Project("{2150E333-8FDC-42A3-9474-1A3956D46DE8}") = "Web", "Web", "{A5E1953E-9170-4EB9-B9DF-6D7960D21E4B}"
EndProject
Project("{2150E333-8FDC-42A3-9474-1A3956D46DE8}") = "DataTier", "DataTier", "{DB4A0075-E8EB-44BF-8470-D861A3B8E634}"
EndProject
Project("{8BB2217D-0F2D-49D1-97BC-3654ED321F3B}") = "DocumentDbRepositories", "DocumentDbRepositories\DocumentDbRepositories.xproj", "{56661CF3-3F6F-41D2-9872-73C99FC4E7AA}"
EndProject
Project("{2150E333-8FDC-42A3-9474-1A3956D46DE8}") = "Provisioning", "Provisioning", "{DE7CE156-33B4-40E2-A6D1-8793B6A441DA}"
EndProject
Project("{8BB2217D-0F2D-49D1-97BC-3654ED321F3B}") = "ProvisioningLibrary", "ProvisioningLibrary\ProvisioningLibrary.xproj", "{48378A87-BEDD-4AB7-86A4-2007B0D6B963}"
EndProject
Project("{8BB2217D-0F2D-49D1-97BC-3654ED321F3B}") = "ProvisioningJobConsole", "ProvisioningJobConsole\ProvisioningJobConsole.xproj", "{9920212F-6653-4F92-AA69-912AB34D9E59}"
EndProject
Project("{2150E333-8FDC-42A3-9474-1A3956D46DE8}") = "KeyRepositories", "KeyRepositories", "{36D7F853-1234-4466-AD03-C29A2C8F510E}"
EndProject
Project("{8BB2217D-0F2D-49D1-97BC-3654ED321F3B}") = "KeyVaultRepositories", "KeyVaultRepositories\KeyVaultRepositories.xproj", "{259630FC-F7C0-44D5-8CE2-494B9CB8A7E2}"
EndProject
Project("{8BB2217D-0F2D-49D1-97BC-3654ED321F3B}") = "ScampMonitor", "ScampMonitor\ScampMonitor.xproj", "{BEF5A21D-5831-469F-B567-6ED30C5581DE}"
EndProject
Project("{8BB2217D-0F2D-49D1-97BC-3654ED321F3B}") = "ScampMonitorTest", "ScampMonitorTest\ScampMonitorTest.xproj", "{CD9EF73A-99F5-4986-BC5F-64840D4F55F5}"
EndProject
Project("{8BB2217D-0F2D-49D1-97BC-3654ED321F3B}") = "Monitor", "Monitor\Monitor.xproj", "{DEA22D41-5D9D-4ACF-848E-B9825611F580}"
EndProject
Project("{8BB2217D-0F2D-49D1-97BC-3654ED321F3B}") = "ScampTypes", "ScampTypes\ScampTypes.xproj", "{F3465AB8-23EC-4139-BB9B-A9470567A054}"
EndProject
Project("{8BB2217D-0F2D-49D1-97BC-3654ED321F3B}") = "MonitorTest", "MonitorTest\MonitorTest.xproj", "{383A2C9B-C2E1-4EA0-847A-21B1CBE25724}"
EndProject
Project("{2150E333-8FDC-42A3-9474-1A3956D46DE8}") = "_Solution Items", "_Solution Items", "{59893632-1ACA-4779-AE33-3E021EBC0D82}"
	ProjectSection(SolutionItems) = preProject
		LICENSE = LICENSE
		README.md = README.md
	EndProjectSection
EndProject
Project("{FAE04EC0-301F-11D3-BF4B-00C04F79EFBC}") = "DocDbSetup", "DocDbSetup\DocDbSetup.csproj", "{56DEA868-4BC2-4309-97D9-23C22126EE9E}"
EndProject
Global
	GlobalSection(SolutionConfigurationPlatforms) = preSolution
		Debug|Any CPU = Debug|Any CPU
		Release|Any CPU = Release|Any CPU
	EndGlobalSection
	GlobalSection(ProjectConfigurationPlatforms) = postSolution
		{CFEED0A5-B43E-436C-9AFE-803BCA8FCEEC}.Debug|Any CPU.ActiveCfg = Debug|Any CPU
		{CFEED0A5-B43E-436C-9AFE-803BCA8FCEEC}.Debug|Any CPU.Build.0 = Debug|Any CPU
		{CFEED0A5-B43E-436C-9AFE-803BCA8FCEEC}.Release|Any CPU.ActiveCfg = Release|Any CPU
		{CFEED0A5-B43E-436C-9AFE-803BCA8FCEEC}.Release|Any CPU.Build.0 = Release|Any CPU
		{56661CF3-3F6F-41D2-9872-73C99FC4E7AA}.Debug|Any CPU.ActiveCfg = Debug|Any CPU
		{56661CF3-3F6F-41D2-9872-73C99FC4E7AA}.Debug|Any CPU.Build.0 = Debug|Any CPU
		{56661CF3-3F6F-41D2-9872-73C99FC4E7AA}.Release|Any CPU.ActiveCfg = Release|Any CPU
		{56661CF3-3F6F-41D2-9872-73C99FC4E7AA}.Release|Any CPU.Build.0 = Release|Any CPU
		{48378A87-BEDD-4AB7-86A4-2007B0D6B963}.Debug|Any CPU.ActiveCfg = Debug|Any CPU
		{48378A87-BEDD-4AB7-86A4-2007B0D6B963}.Debug|Any CPU.Build.0 = Debug|Any CPU
		{48378A87-BEDD-4AB7-86A4-2007B0D6B963}.Release|Any CPU.ActiveCfg = Release|Any CPU
		{48378A87-BEDD-4AB7-86A4-2007B0D6B963}.Release|Any CPU.Build.0 = Release|Any CPU
		{9920212F-6653-4F92-AA69-912AB34D9E59}.Debug|Any CPU.ActiveCfg = Debug|Any CPU
		{9920212F-6653-4F92-AA69-912AB34D9E59}.Debug|Any CPU.Build.0 = Debug|Any CPU
		{9920212F-6653-4F92-AA69-912AB34D9E59}.Release|Any CPU.ActiveCfg = Release|Any CPU
		{9920212F-6653-4F92-AA69-912AB34D9E59}.Release|Any CPU.Build.0 = Release|Any CPU
		{259630FC-F7C0-44D5-8CE2-494B9CB8A7E2}.Debug|Any CPU.ActiveCfg = Debug|Any CPU
		{259630FC-F7C0-44D5-8CE2-494B9CB8A7E2}.Debug|Any CPU.Build.0 = Debug|Any CPU
		{259630FC-F7C0-44D5-8CE2-494B9CB8A7E2}.Release|Any CPU.ActiveCfg = Release|Any CPU
		{259630FC-F7C0-44D5-8CE2-494B9CB8A7E2}.Release|Any CPU.Build.0 = Release|Any CPU
		{BEF5A21D-5831-469F-B567-6ED30C5581DE}.Debug|Any CPU.ActiveCfg = Debug|Any CPU
		{BEF5A21D-5831-469F-B567-6ED30C5581DE}.Debug|Any CPU.Build.0 = Debug|Any CPU
		{BEF5A21D-5831-469F-B567-6ED30C5581DE}.Release|Any CPU.ActiveCfg = Release|Any CPU
		{BEF5A21D-5831-469F-B567-6ED30C5581DE}.Release|Any CPU.Build.0 = Release|Any CPU
		{CD9EF73A-99F5-4986-BC5F-64840D4F55F5}.Debug|Any CPU.ActiveCfg = Debug|Any CPU
		{CD9EF73A-99F5-4986-BC5F-64840D4F55F5}.Debug|Any CPU.Build.0 = Debug|Any CPU
		{CD9EF73A-99F5-4986-BC5F-64840D4F55F5}.Release|Any CPU.ActiveCfg = Release|Any CPU
		{CD9EF73A-99F5-4986-BC5F-64840D4F55F5}.Release|Any CPU.Build.0 = Release|Any CPU
		{DEA22D41-5D9D-4ACF-848E-B9825611F580}.Debug|Any CPU.ActiveCfg = Debug|Any CPU
		{DEA22D41-5D9D-4ACF-848E-B9825611F580}.Debug|Any CPU.Build.0 = Debug|Any CPU
		{DEA22D41-5D9D-4ACF-848E-B9825611F580}.Release|Any CPU.ActiveCfg = Release|Any CPU
		{DEA22D41-5D9D-4ACF-848E-B9825611F580}.Release|Any CPU.Build.0 = Release|Any CPU
		{F3465AB8-23EC-4139-BB9B-A9470567A054}.Debug|Any CPU.ActiveCfg = Debug|Any CPU
		{F3465AB8-23EC-4139-BB9B-A9470567A054}.Debug|Any CPU.Build.0 = Debug|Any CPU
		{F3465AB8-23EC-4139-BB9B-A9470567A054}.Release|Any CPU.ActiveCfg = Release|Any CPU
		{F3465AB8-23EC-4139-BB9B-A9470567A054}.Release|Any CPU.Build.0 = Release|Any CPU
		{383A2C9B-C2E1-4EA0-847A-21B1CBE25724}.Debug|Any CPU.ActiveCfg = Debug|Any CPU
		{383A2C9B-C2E1-4EA0-847A-21B1CBE25724}.Debug|Any CPU.Build.0 = Debug|Any CPU
		{383A2C9B-C2E1-4EA0-847A-21B1CBE25724}.Release|Any CPU.ActiveCfg = Release|Any CPU
		{383A2C9B-C2E1-4EA0-847A-21B1CBE25724}.Release|Any CPU.Build.0 = Release|Any CPU
		{56DEA868-4BC2-4309-97D9-23C22126EE9E}.Debug|Any CPU.ActiveCfg = Debug|Any CPU
		{56DEA868-4BC2-4309-97D9-23C22126EE9E}.Debug|Any CPU.Build.0 = Debug|Any CPU
		{56DEA868-4BC2-4309-97D9-23C22126EE9E}.Release|Any CPU.ActiveCfg = Release|Any CPU
		{56DEA868-4BC2-4309-97D9-23C22126EE9E}.Release|Any CPU.Build.0 = Release|Any CPU
	EndGlobalSection
	GlobalSection(SolutionProperties) = preSolution
		HideSolutionNode = FALSE
	EndGlobalSection
	GlobalSection(NestedProjects) = preSolution
		{CFEED0A5-B43E-436C-9AFE-803BCA8FCEEC} = {A5E1953E-9170-4EB9-B9DF-6D7960D21E4B}
		{56661CF3-3F6F-41D2-9872-73C99FC4E7AA} = {DB4A0075-E8EB-44BF-8470-D861A3B8E634}
		{48378A87-BEDD-4AB7-86A4-2007B0D6B963} = {DE7CE156-33B4-40E2-A6D1-8793B6A441DA}
		{9920212F-6653-4F92-AA69-912AB34D9E59} = {DE7CE156-33B4-40E2-A6D1-8793B6A441DA}
		{259630FC-F7C0-44D5-8CE2-494B9CB8A7E2} = {36D7F853-1234-4466-AD03-C29A2C8F510E}
		{BEF5A21D-5831-469F-B567-6ED30C5581DE} = {A5E1953E-9170-4EB9-B9DF-6D7960D21E4B}
		{CD9EF73A-99F5-4986-BC5F-64840D4F55F5} = {A5E1953E-9170-4EB9-B9DF-6D7960D21E4B}
		{56DEA868-4BC2-4309-97D9-23C22126EE9E} = {DB4A0075-E8EB-44BF-8470-D861A3B8E634}
	EndGlobalSection
EndGlobal
